
Microsoft Visual Studio Solution File, Format Version 12.00
# Visual Studio Version 17
VisualStudioVersion = 17.11.35312.102
MinimumVisualStudioVersion = 10.0.40219.1
Project("{FAE04EC0-301F-11D3-BF4B-00C04F79EFBC}") = "TodoAPI", "TodoAPI\TodoAPI.csproj", "{44290E82-6EA6-43D9-BA9B-5CB2767E9AB9}"
EndProject
Global
	GlobalSection(SolutionConfigurationPlatforms) = preSolution
		Debug|Any CPU = Debug|Any CPU
		Release|Any CPU = Release|Any CPU
	EndGlobalSection
	GlobalSection(ProjectConfigurationPlatforms) = postSolution
		{44290E82-6EA6-43D9-BA9B-5CB2767E9AB9}.Debug|Any CPU.ActiveCfg = Debug|Any CPU
		{44290E82-6EA6-43D9-BA9B-5CB2767E9AB9}.Debug|Any CPU.Build.0 = Debug|Any CPU
		{44290E82-6EA6-43D9-BA9B-5CB2767E9AB9}.Release|Any CPU.ActiveCfg = Release|Any CPU
		{44290E82-6EA6-43D9-BA9B-5CB2767E9AB9}.Release|Any CPU.Build.0 = Release|Any CPU
	EndGlobalSection
	GlobalSection(SolutionProperties) = preSolution
		HideSolutionNode = FALSE
	EndGlobalSection
	GlobalSection(ExtensibilityGlobals) = postSolution
		SolutionGuid = {8266FF9D-61FC-4142-9DD7-CB1F89453940}
	EndGlobalSection
EndGlobal
